// !$*UTF8*$!
{
	archiveVersion = 1;
	classes = {
	};
	objectVersion = 56;
	objects = {

/* Begin PBXBuildFile section */
		2FA8AED02B039C1600CE9004 /* AppDelegate.swift in Sources */ = {isa = PBXBuildFile; fileRef = 2FA8AECF2B039C1600CE9004 /* AppDelegate.swift */; };
		2FA8AED22B039C1600CE9004 /* SceneDelegate.swift in Sources */ = {isa = PBXBuildFile; fileRef = 2FA8AED12B039C1600CE9004 /* SceneDelegate.swift */; };
		2FA8AED92B039C1900CE9004 /* Assets.xcassets in Resources */ = {isa = PBXBuildFile; fileRef = 2FA8AED82B039C1900CE9004 /* Assets.xcassets */; };
		2FA8AEDC2B039C1900CE9004 /* LaunchScreen.storyboard in Resources */ = {isa = PBXBuildFile; fileRef = 2FA8AEDA2B039C1900CE9004 /* LaunchScreen.storyboard */; };
		2FA8AEF72B039EE400CE9004 /* Extension+UIView.swift in Sources */ = {isa = PBXBuildFile; fileRef = 2FA8AEE52B039EE400CE9004 /* Extension+UIView.swift */; };
		2FA8AEF82B039EE400CE9004 /* SF-Pro-Text-Light.otf in Resources */ = {isa = PBXBuildFile; fileRef = 2FA8AEE72B039EE400CE9004 /* SF-Pro-Text-Light.otf */; };
		2FA8AEF92B039EE400CE9004 /* SF-Pro-Text-Regular.otf in Resources */ = {isa = PBXBuildFile; fileRef = 2FA8AEE82B039EE400CE9004 /* SF-Pro-Text-Regular.otf */; };
		2FA8AEFA2B039EE400CE9004 /* SF-Pro-Text-Bold.otf in Resources */ = {isa = PBXBuildFile; fileRef = 2FA8AEE92B039EE400CE9004 /* SF-Pro-Text-Bold.otf */; };
		2FA8AEFB2B039EE400CE9004 /* SF-Pro-Text-Thin.otf in Resources */ = {isa = PBXBuildFile; fileRef = 2FA8AEEA2B039EE400CE9004 /* SF-Pro-Text-Thin.otf */; };
		2FA8AEFC2B039EE400CE9004 /* SF-Pro-Text-Medium.otf in Resources */ = {isa = PBXBuildFile; fileRef = 2FA8AEEB2B039EE400CE9004 /* SF-Pro-Text-Medium.otf */; };
		2FA8AEFD2B039EE400CE9004 /* WeeklyWeatherData.swift in Sources */ = {isa = PBXBuildFile; fileRef = 2FA8AEED2B039EE400CE9004 /* WeeklyWeatherData.swift */; };
		2FA8AEFE2B039EE400CE9004 /* TodayWeatherData.swift in Sources */ = {isa = PBXBuildFile; fileRef = 2FA8AEEE2B039EE400CE9004 /* TodayWeatherData.swift */; };
		2FA8AEFF2B039EE400CE9004 /* WeeklyWeatherTableViewCell.swift in Sources */ = {isa = PBXBuildFile; fileRef = 2FA8AEF12B039EE400CE9004 /* WeeklyWeatherTableViewCell.swift */; };
		2FA8AF002B039EE400CE9004 /* DetailViewController.swift in Sources */ = {isa = PBXBuildFile; fileRef = 2FA8AEF22B039EE400CE9004 /* DetailViewController.swift */; };
		2FA8AF012B039EE400CE9004 /* TodayWeatherCollectionViewCell.swift in Sources */ = {isa = PBXBuildFile; fileRef = 2FA8AEF32B039EE400CE9004 /* TodayWeatherCollectionViewCell.swift */; };
		2FA8AF022B039EE400CE9004 /* ListViewController.swift in Sources */ = {isa = PBXBuildFile; fileRef = 2FA8AEF52B039EE400CE9004 /* ListViewController.swift */; };
		2FA8AF032B039EE400CE9004 /* ListTableViewCell.swift in Sources */ = {isa = PBXBuildFile; fileRef = 2FA8AEF62B039EE400CE9004 /* ListTableViewCell.swift */; };
		2FA8AF062B039F5300CE9004 /* Then in Frameworks */ = {isa = PBXBuildFile; productRef = 2FA8AF052B039F5300CE9004 /* Then */; };
		2FA8AF092B039F5C00CE9004 /* SnapKit in Frameworks */ = {isa = PBXBuildFile; productRef = 2FA8AF082B039F5C00CE9004 /* SnapKit */; };
		2FA8AF0B2B039F5C00CE9004 /* SnapKit-Dynamic in Frameworks */ = {isa = PBXBuildFile; productRef = 2FA8AF0A2B039F5C00CE9004 /* SnapKit-Dynamic */; };
		2FA8AF0F2B03B53B00CE9004 /* Constants.swift in Sources */ = {isa = PBXBuildFile; fileRef = 2FA8AF0E2B03B53B00CE9004 /* Constants.swift */; };
		2FA8AF122B03B5C700CE9004 /* GetWeatherService.swift in Sources */ = {isa = PBXBuildFile; fileRef = 2FA8AF112B03B5C700CE9004 /* GetWeatherService.swift */; };
		2FA8AF172B03B93600CE9004 /* Weather.swift in Sources */ = {isa = PBXBuildFile; fileRef = 2FA8AF162B03B93600CE9004 /* Weather.swift */; };
/* End PBXBuildFile section */

/* Begin PBXFileReference section */
		2FA8AECC2B039C1600CE9004 /* Weathers.app */ = {isa = PBXFileReference; explicitFileType = wrapper.application; includeInIndex = 0; path = Weathers.app; sourceTree = BUILT_PRODUCTS_DIR; };
		2FA8AECF2B039C1600CE9004 /* AppDelegate.swift */ = {isa = PBXFileReference; lastKnownFileType = sourcecode.swift; path = AppDelegate.swift; sourceTree = "<group>"; };
		2FA8AED12B039C1600CE9004 /* SceneDelegate.swift */ = {isa = PBXFileReference; lastKnownFileType = sourcecode.swift; path = SceneDelegate.swift; sourceTree = "<group>"; };
		2FA8AED82B039C1900CE9004 /* Assets.xcassets */ = {isa = PBXFileReference; lastKnownFileType = folder.assetcatalog; path = Assets.xcassets; sourceTree = "<group>"; };
		2FA8AEDB2B039C1900CE9004 /* Base */ = {isa = PBXFileReference; lastKnownFileType = file.storyboard; name = Base; path = Base.lproj/LaunchScreen.storyboard; sourceTree = "<group>"; };
		2FA8AEDD2B039C1900CE9004 /* Info.plist */ = {isa = PBXFileReference; lastKnownFileType = text.plist.xml; path = Info.plist; sourceTree = "<group>"; };
		2FA8AEE52B039EE400CE9004 /* Extension+UIView.swift */ = {isa = PBXFileReference; fileEncoding = 4; lastKnownFileType = sourcecode.swift; path = "Extension+UIView.swift"; sourceTree = "<group>"; };
		2FA8AEE72B039EE400CE9004 /* SF-Pro-Text-Light.otf */ = {isa = PBXFileReference; lastKnownFileType = file; path = "SF-Pro-Text-Light.otf"; sourceTree = "<group>"; };
		2FA8AEE82B039EE400CE9004 /* SF-Pro-Text-Regular.otf */ = {isa = PBXFileReference; lastKnownFileType = file; path = "SF-Pro-Text-Regular.otf"; sourceTree = "<group>"; };
		2FA8AEE92B039EE400CE9004 /* SF-Pro-Text-Bold.otf */ = {isa = PBXFileReference; lastKnownFileType = file; path = "SF-Pro-Text-Bold.otf"; sourceTree = "<group>"; };
		2FA8AEEA2B039EE400CE9004 /* SF-Pro-Text-Thin.otf */ = {isa = PBXFileReference; lastKnownFileType = file; path = "SF-Pro-Text-Thin.otf"; sourceTree = "<group>"; };
		2FA8AEEB2B039EE400CE9004 /* SF-Pro-Text-Medium.otf */ = {isa = PBXFileReference; lastKnownFileType = file; path = "SF-Pro-Text-Medium.otf"; sourceTree = "<group>"; };
		2FA8AEED2B039EE400CE9004 /* WeeklyWeatherData.swift */ = {isa = PBXFileReference; fileEncoding = 4; lastKnownFileType = sourcecode.swift; path = WeeklyWeatherData.swift; sourceTree = "<group>"; };
		2FA8AEEE2B039EE400CE9004 /* TodayWeatherData.swift */ = {isa = PBXFileReference; fileEncoding = 4; lastKnownFileType = sourcecode.swift; path = TodayWeatherData.swift; sourceTree = "<group>"; };
		2FA8AEF12B039EE400CE9004 /* WeeklyWeatherTableViewCell.swift */ = {isa = PBXFileReference; fileEncoding = 4; lastKnownFileType = sourcecode.swift; path = WeeklyWeatherTableViewCell.swift; sourceTree = "<group>"; };
		2FA8AEF22B039EE400CE9004 /* DetailViewController.swift */ = {isa = PBXFileReference; fileEncoding = 4; lastKnownFileType = sourcecode.swift; path = DetailViewController.swift; sourceTree = "<group>"; };
		2FA8AEF32B039EE400CE9004 /* TodayWeatherCollectionViewCell.swift */ = {isa = PBXFileReference; fileEncoding = 4; lastKnownFileType = sourcecode.swift; path = TodayWeatherCollectionViewCell.swift; sourceTree = "<group>"; };
		2FA8AEF52B039EE400CE9004 /* ListViewController.swift */ = {isa = PBXFileReference; fileEncoding = 4; lastKnownFileType = sourcecode.swift; path = ListViewController.swift; sourceTree = "<group>"; };
		2FA8AEF62B039EE400CE9004 /* ListTableViewCell.swift */ = {isa = PBXFileReference; fileEncoding = 4; lastKnownFileType = sourcecode.swift; path = ListTableViewCell.swift; sourceTree = "<group>"; };
		2FA8AF0E2B03B53B00CE9004 /* Constants.swift */ = {isa = PBXFileReference; lastKnownFileType = sourcecode.swift; path = Constants.swift; sourceTree = "<group>"; };
		2FA8AF112B03B5C700CE9004 /* GetWeatherService.swift */ = {isa = PBXFileReference; lastKnownFileType = sourcecode.swift; path = GetWeatherService.swift; sourceTree = "<group>"; };
		2FA8AF162B03B93600CE9004 /* Weather.swift */ = {isa = PBXFileReference; lastKnownFileType = sourcecode.swift; path = Weather.swift; sourceTree = "<group>"; };
/* End PBXFileReference section */

/* Begin PBXFrameworksBuildPhase section */
		2FA8AEC92B039C1600CE9004 /* Frameworks */ = {
			isa = PBXFrameworksBuildPhase;
			buildActionMask = 2147483647;
			files = (
				2FA8AF062B039F5300CE9004 /* Then in Frameworks */,
				2FA8AF092B039F5C00CE9004 /* SnapKit in Frameworks */,
				2FA8AF0B2B039F5C00CE9004 /* SnapKit-Dynamic in Frameworks */,
			);
			runOnlyForDeploymentPostprocessing = 0;
		};
/* End PBXFrameworksBuildPhase section */

/* Begin PBXGroup section */
		2FA8AEC32B039C1600CE9004 = {
			isa = PBXGroup;
			children = (
				2FA8AECE2B039C1600CE9004 /* Weathers */,
				2FA8AECD2B039C1600CE9004 /* Products */,
			);
			sourceTree = "<group>";
		};
		2FA8AECD2B039C1600CE9004 /* Products */ = {
			isa = PBXGroup;
			children = (
				2FA8AECC2B039C1600CE9004 /* Weathers.app */,
			);
			name = Products;
			sourceTree = "<group>";
		};
		2FA8AECE2B039C1600CE9004 /* Weathers */ = {
			isa = PBXGroup;
			children = (
				2FA8AEDD2B039C1900CE9004 /* Info.plist */,
				2FA8AF132B03B69500CE9004 /* Models */,
				2FA8AF102B03B5A200CE9004 /* Services */,
				2FA8AF0D2B03B52B00CE9004 /* Utils */,
				2FA8AEE32B039EE400CE9004 /* Resources */,
				2FA8AEEF2B039EE400CE9004 /* Views */,
				2FA8AED82B039C1900CE9004 /* Assets.xcassets */,
				2FA8AF0C2B03B4AC00CE9004 /* System */,
			);
			path = Weathers;
			sourceTree = "<group>";
		};
		2FA8AEE32B039EE400CE9004 /* Resources */ = {
			isa = PBXGroup;
			children = (
				2FA8AEE42B039EE400CE9004 /* Extension */,
				2FA8AEE62B039EE400CE9004 /* Fonts */,
				2FA8AEEC2B039EE400CE9004 /* Data */,
			);
			path = Resources;
			sourceTree = "<group>";
		};
		2FA8AEE42B039EE400CE9004 /* Extension */ = {
			isa = PBXGroup;
			children = (
				2FA8AEE52B039EE400CE9004 /* Extension+UIView.swift */,
			);
			path = Extension;
			sourceTree = "<group>";
		};
		2FA8AEE62B039EE400CE9004 /* Fonts */ = {
			isa = PBXGroup;
			children = (
				2FA8AEE72B039EE400CE9004 /* SF-Pro-Text-Light.otf */,
				2FA8AEE82B039EE400CE9004 /* SF-Pro-Text-Regular.otf */,
				2FA8AEE92B039EE400CE9004 /* SF-Pro-Text-Bold.otf */,
				2FA8AEEA2B039EE400CE9004 /* SF-Pro-Text-Thin.otf */,
				2FA8AEEB2B039EE400CE9004 /* SF-Pro-Text-Medium.otf */,
			);
			path = Fonts;
			sourceTree = "<group>";
		};
		2FA8AEEC2B039EE400CE9004 /* Data */ = {
			isa = PBXGroup;
			children = (
				2FA8AEED2B039EE400CE9004 /* WeeklyWeatherData.swift */,
				2FA8AEEE2B039EE400CE9004 /* TodayWeatherData.swift */,
			);
			path = Data;
			sourceTree = "<group>";
		};
		2FA8AEEF2B039EE400CE9004 /* Views */ = {
			isa = PBXGroup;
			children = (
				2FA8AEF02B039EE400CE9004 /* Detail */,
				2FA8AEF42B039EE400CE9004 /* List */,
			);
			path = Views;
			sourceTree = "<group>";
		};
		2FA8AEF02B039EE400CE9004 /* Detail */ = {
			isa = PBXGroup;
			children = (
				2FA8AEF12B039EE400CE9004 /* WeeklyWeatherTableViewCell.swift */,
				2FA8AEF22B039EE400CE9004 /* DetailViewController.swift */,
				2FA8AEF32B039EE400CE9004 /* TodayWeatherCollectionViewCell.swift */,
			);
			path = Detail;
			sourceTree = "<group>";
		};
		2FA8AEF42B039EE400CE9004 /* List */ = {
			isa = PBXGroup;
			children = (
				2FA8AEF52B039EE400CE9004 /* ListViewController.swift */,
				2FA8AEF62B039EE400CE9004 /* ListTableViewCell.swift */,
			);
			path = List;
			sourceTree = "<group>";
		};
		2FA8AF0C2B03B4AC00CE9004 /* System */ = {
			isa = PBXGroup;
			children = (
				2FA8AECF2B039C1600CE9004 /* AppDelegate.swift */,
				2FA8AED12B039C1600CE9004 /* SceneDelegate.swift */,
				2FA8AEDA2B039C1900CE9004 /* LaunchScreen.storyboard */,
			);
			path = System;
			sourceTree = "<group>";
		};
		2FA8AF0D2B03B52B00CE9004 /* Utils */ = {
			isa = PBXGroup;
			children = (
				2FA8AF0E2B03B53B00CE9004 /* Constants.swift */,
			);
			path = Utils;
			sourceTree = "<group>";
		};
		2FA8AF102B03B5A200CE9004 /* Services */ = {
			isa = PBXGroup;
			children = (
				2FA8AF112B03B5C700CE9004 /* GetWeatherService.swift */,
			);
			path = Services;
			sourceTree = "<group>";
		};
		2FA8AF132B03B69500CE9004 /* Models */ = {
			isa = PBXGroup;
			children = (
				2FA8AF162B03B93600CE9004 /* Weather.swift */,
			);
			path = Models;
			sourceTree = "<group>";
		};
/* End PBXGroup section */

/* Begin PBXNativeTarget section */
		2FA8AECB2B039C1600CE9004 /* Weathers */ = {
			isa = PBXNativeTarget;
			buildConfigurationList = 2FA8AEE02B039C1900CE9004 /* Build configuration list for PBXNativeTarget "Weathers" */;
			buildPhases = (
				2FA8AEC82B039C1600CE9004 /* Sources */,
				2FA8AEC92B039C1600CE9004 /* Frameworks */,
				2FA8AECA2B039C1600CE9004 /* Resources */,
			);
			buildRules = (
			);
			dependencies = (
			);
			name = Weathers;
			packageProductDependencies = (
				2FA8AF052B039F5300CE9004 /* Then */,
				2FA8AF082B039F5C00CE9004 /* SnapKit */,
				2FA8AF0A2B039F5C00CE9004 /* SnapKit-Dynamic */,
			);
			productName = Weathers;
			productReference = 2FA8AECC2B039C1600CE9004 /* Weathers.app */;
			productType = "com.apple.product-type.application";
		};
/* End PBXNativeTarget section */

/* Begin PBXProject section */
		2FA8AEC42B039C1600CE9004 /* Project object */ = {
			isa = PBXProject;
			attributes = {
				BuildIndependentTargetsInParallel = 1;
				LastSwiftUpdateCheck = 1500;
				LastUpgradeCheck = 1500;
				TargetAttributes = {
					2FA8AECB2B039C1600CE9004 = {
						CreatedOnToolsVersion = 15.0;
					};
				};
			};
			buildConfigurationList = 2FA8AEC72B039C1600CE9004 /* Build configuration list for PBXProject "Weathers" */;
			compatibilityVersion = "Xcode 14.0";
			developmentRegion = en;
			hasScannedForEncodings = 0;
			knownRegions = (
				en,
				Base,
			);
			mainGroup = 2FA8AEC32B039C1600CE9004;
			packageReferences = (
				2FA8AF042B039F5300CE9004 /* XCRemoteSwiftPackageReference "Then" */,
				2FA8AF072B039F5C00CE9004 /* XCRemoteSwiftPackageReference "SnapKit" */,
			);
			productRefGroup = 2FA8AECD2B039C1600CE9004 /* Products */;
			projectDirPath = "";
			projectRoot = "";
			targets = (
				2FA8AECB2B039C1600CE9004 /* Weathers */,
			);
		};
/* End PBXProject section */

/* Begin PBXResourcesBuildPhase section */
		2FA8AECA2B039C1600CE9004 /* Resources */ = {
			isa = PBXResourcesBuildPhase;
			buildActionMask = 2147483647;
			files = (
				2FA8AEDC2B039C1900CE9004 /* LaunchScreen.storyboard in Resources */,
				2FA8AEF92B039EE400CE9004 /* SF-Pro-Text-Regular.otf in Resources */,
				2FA8AEFA2B039EE400CE9004 /* SF-Pro-Text-Bold.otf in Resources */,
				2FA8AED92B039C1900CE9004 /* Assets.xcassets in Resources */,
				2FA8AEFC2B039EE400CE9004 /* SF-Pro-Text-Medium.otf in Resources */,
				2FA8AEF82B039EE400CE9004 /* SF-Pro-Text-Light.otf in Resources */,
				2FA8AEFB2B039EE400CE9004 /* SF-Pro-Text-Thin.otf in Resources */,
			);
			runOnlyForDeploymentPostprocessing = 0;
		};
/* End PBXResourcesBuildPhase section */

/* Begin PBXSourcesBuildPhase section */
		2FA8AEC82B039C1600CE9004 /* Sources */ = {
			isa = PBXSourcesBuildPhase;
			buildActionMask = 2147483647;
			files = (
				2FA8AF032B039EE400CE9004 /* ListTableViewCell.swift in Sources */,
				2FA8AF0F2B03B53B00CE9004 /* Constants.swift in Sources */,
				2FA8AEFD2B039EE400CE9004 /* WeeklyWeatherData.swift in Sources */,
				2FA8AEFF2B039EE400CE9004 /* WeeklyWeatherTableViewCell.swift in Sources */,
				2FA8AF012B039EE400CE9004 /* TodayWeatherCollectionViewCell.swift in Sources */,
				2FA8AED02B039C1600CE9004 /* AppDelegate.swift in Sources */,
				2FA8AEF72B039EE400CE9004 /* Extension+UIView.swift in Sources */,
				2FA8AF122B03B5C700CE9004 /* GetWeatherService.swift in Sources */,
				2FA8AF172B03B93600CE9004 /* Weather.swift in Sources */,
				2FA8AEFE2B039EE400CE9004 /* TodayWeatherData.swift in Sources */,
				2FA8AED22B039C1600CE9004 /* SceneDelegate.swift in Sources */,
				2FA8AF022B039EE400CE9004 /* ListViewController.swift in Sources */,
				2FA8AF002B039EE400CE9004 /* DetailViewController.swift in Sources */,
			);
			runOnlyForDeploymentPostprocessing = 0;
		};
/* End PBXSourcesBuildPhase section */

/* Begin PBXVariantGroup section */
		2FA8AEDA2B039C1900CE9004 /* LaunchScreen.storyboard */ = {
			isa = PBXVariantGroup;
			children = (
				2FA8AEDB2B039C1900CE9004 /* Base */,
			);
			name = LaunchScreen.storyboard;
			sourceTree = "<group>";
		};
/* End PBXVariantGroup section */

/* Begin XCBuildConfiguration section */
		2FA8AEDE2B039C1900CE9004 /* Debug */ = {
			isa = XCBuildConfiguration;
			buildSettings = {
				ALWAYS_SEARCH_USER_PATHS = NO;
				ASSETCATALOG_COMPILER_GENERATE_SWIFT_ASSET_SYMBOL_EXTENSIONS = YES;
				CLANG_ANALYZER_NONNULL = YES;
				CLANG_ANALYZER_NUMBER_OBJECT_CONVERSION = YES_AGGRESSIVE;
				CLANG_CXX_LANGUAGE_STANDARD = "gnu++20";
				CLANG_ENABLE_MODULES = YES;
				CLANG_ENABLE_OBJC_ARC = YES;
				CLANG_ENABLE_OBJC_WEAK = YES;
				CLANG_WARN_BLOCK_CAPTURE_AUTORELEASING = YES;
				CLANG_WARN_BOOL_CONVERSION = YES;
				CLANG_WARN_COMMA = YES;
				CLANG_WARN_CONSTANT_CONVERSION = YES;
				CLANG_WARN_DEPRECATED_OBJC_IMPLEMENTATIONS = YES;
				CLANG_WARN_DIRECT_OBJC_ISA_USAGE = YES_ERROR;
				CLANG_WARN_DOCUMENTATION_COMMENTS = YES;
				CLANG_WARN_EMPTY_BODY = YES;
				CLANG_WARN_ENUM_CONVERSION = YES;
				CLANG_WARN_INFINITE_RECURSION = YES;
				CLANG_WARN_INT_CONVERSION = YES;
				CLANG_WARN_NON_LITERAL_NULL_CONVERSION = YES;
				CLANG_WARN_OBJC_IMPLICIT_RETAIN_SELF = YES;
				CLANG_WARN_OBJC_LITERAL_CONVERSION = YES;
				CLANG_WARN_OBJC_ROOT_CLASS = YES_ERROR;
				CLANG_WARN_QUOTED_INCLUDE_IN_FRAMEWORK_HEADER = YES;
				CLANG_WARN_RANGE_LOOP_ANALYSIS = YES;
				CLANG_WARN_STRICT_PROTOTYPES = YES;
				CLANG_WARN_SUSPICIOUS_MOVE = YES;
				CLANG_WARN_UNGUARDED_AVAILABILITY = YES_AGGRESSIVE;
				CLANG_WARN_UNREACHABLE_CODE = YES;
				CLANG_WARN__DUPLICATE_METHOD_MATCH = YES;
				COPY_PHASE_STRIP = NO;
				DEBUG_INFORMATION_FORMAT = dwarf;
				ENABLE_STRICT_OBJC_MSGSEND = YES;
				ENABLE_TESTABILITY = YES;
				ENABLE_USER_SCRIPT_SANDBOXING = YES;
				GCC_C_LANGUAGE_STANDARD = gnu17;
				GCC_DYNAMIC_NO_PIC = NO;
				GCC_NO_COMMON_BLOCKS = YES;
				GCC_OPTIMIZATION_LEVEL = 0;
				GCC_PREPROCESSOR_DEFINITIONS = (
					"DEBUG=1",
					"$(inherited)",
				);
				GCC_WARN_64_TO_32_BIT_CONVERSION = YES;
				GCC_WARN_ABOUT_RETURN_TYPE = YES_ERROR;
				GCC_WARN_UNDECLARED_SELECTOR = YES;
				GCC_WARN_UNINITIALIZED_AUTOS = YES_AGGRESSIVE;
				GCC_WARN_UNUSED_FUNCTION = YES;
				GCC_WARN_UNUSED_VARIABLE = YES;
				IPHONEOS_DEPLOYMENT_TARGET = 17.0;
				LOCALIZATION_PREFERS_STRING_CATALOGS = YES;
				MTL_ENABLE_DEBUG_INFO = INCLUDE_SOURCE;
				MTL_FAST_MATH = YES;
				ONLY_ACTIVE_ARCH = YES;
				SDKROOT = iphoneos;
				SWIFT_ACTIVE_COMPILATION_CONDITIONS = "DEBUG $(inherited)";
				SWIFT_OPTIMIZATION_LEVEL = "-Onone";
			};
			name = Debug;
		};
		2FA8AEDF2B039C1900CE9004 /* Release */ = {
			isa = XCBuildConfiguration;
			buildSettings = {
				ALWAYS_SEARCH_USER_PATHS = NO;
				ASSETCATALOG_COMPILER_GENERATE_SWIFT_ASSET_SYMBOL_EXTENSIONS = YES;
				CLANG_ANALYZER_NONNULL = YES;
				CLANG_ANALYZER_NUMBER_OBJECT_CONVERSION = YES_AGGRESSIVE;
				CLANG_CXX_LANGUAGE_STANDARD = "gnu++20";
				CLANG_ENABLE_MODULES = YES;
				CLANG_ENABLE_OBJC_ARC = YES;
				CLANG_ENABLE_OBJC_WEAK = YES;
				CLANG_WARN_BLOCK_CAPTURE_AUTORELEASING = YES;
				CLANG_WARN_BOOL_CONVERSION = YES;
				CLANG_WARN_COMMA = YES;
				CLANG_WARN_CONSTANT_CONVERSION = YES;
				CLANG_WARN_DEPRECATED_OBJC_IMPLEMENTATIONS = YES;
				CLANG_WARN_DIRECT_OBJC_ISA_USAGE = YES_ERROR;
				CLANG_WARN_DOCUMENTATION_COMMENTS = YES;
				CLANG_WARN_EMPTY_BODY = YES;
				CLANG_WARN_ENUM_CONVERSION = YES;
				CLANG_WARN_INFINITE_RECURSION = YES;
				CLANG_WARN_INT_CONVERSION = YES;
				CLANG_WARN_NON_LITERAL_NULL_CONVERSION = YES;
				CLANG_WARN_OBJC_IMPLICIT_RETAIN_SELF = YES;
				CLANG_WARN_OBJC_LITERAL_CONVERSION = YES;
				CLANG_WARN_OBJC_ROOT_CLASS = YES_ERROR;
				CLANG_WARN_QUOTED_INCLUDE_IN_FRAMEWORK_HEADER = YES;
				CLANG_WARN_RANGE_LOOP_ANALYSIS = YES;
				CLANG_WARN_STRICT_PROTOTYPES = YES;
				CLANG_WARN_SUSPICIOUS_MOVE = YES;
				CLANG_WARN_UNGUARDED_AVAILABILITY = YES_AGGRESSIVE;
				CLANG_WARN_UNREACHABLE_CODE = YES;
				CLANG_WARN__DUPLICATE_METHOD_MATCH = YES;
				COPY_PHASE_STRIP = NO;
				DEBUG_INFORMATION_FORMAT = "dwarf-with-dsym";
				ENABLE_NS_ASSERTIONS = NO;
				ENABLE_STRICT_OBJC_MSGSEND = YES;
				ENABLE_USER_SCRIPT_SANDBOXING = YES;
				GCC_C_LANGUAGE_STANDARD = gnu17;
				GCC_NO_COMMON_BLOCKS = YES;
				GCC_WARN_64_TO_32_BIT_CONVERSION = YES;
				GCC_WARN_ABOUT_RETURN_TYPE = YES_ERROR;
				GCC_WARN_UNDECLARED_SELECTOR = YES;
				GCC_WARN_UNINITIALIZED_AUTOS = YES_AGGRESSIVE;
				GCC_WARN_UNUSED_FUNCTION = YES;
				GCC_WARN_UNUSED_VARIABLE = YES;
				IPHONEOS_DEPLOYMENT_TARGET = 17.0;
				LOCALIZATION_PREFERS_STRING_CATALOGS = YES;
				MTL_ENABLE_DEBUG_INFO = NO;
				MTL_FAST_MATH = YES;
				SDKROOT = iphoneos;
				SWIFT_COMPILATION_MODE = wholemodule;
				VALIDATE_PRODUCT = YES;
			};
			name = Release;
		};
		2FA8AEE12B039C1900CE9004 /* Debug */ = {
			isa = XCBuildConfiguration;
			buildSettings = {
				ASSETCATALOG_COMPILER_APPICON_NAME = AppIcon;
				ASSETCATALOG_COMPILER_GLOBAL_ACCENT_COLOR_NAME = AccentColor;
				CODE_SIGN_STYLE = Automatic;
				CURRENT_PROJECT_VERSION = 1;
				GENERATE_INFOPLIST_FILE = YES;
				INFOPLIST_FILE = Weathers/Info.plist;
				INFOPLIST_KEY_UIApplicationSupportsIndirectInputEvents = YES;
				INFOPLIST_KEY_UILaunchStoryboardName = LaunchScreen;
				INFOPLIST_KEY_UISupportedInterfaceOrientations_iPad = "UIInterfaceOrientationPortrait UIInterfaceOrientationPortraitUpsideDown UIInterfaceOrientationLandscapeLeft UIInterfaceOrientationLandscapeRight";
				INFOPLIST_KEY_UISupportedInterfaceOrientations_iPhone = "UIInterfaceOrientationPortrait UIInterfaceOrientationLandscapeLeft UIInterfaceOrientationLandscapeRight";
				LD_RUNPATH_SEARCH_PATHS = (
					"$(inherited)",
					"@executable_path/Frameworks",
				);
				MARKETING_VERSION = 1.0;
				PRODUCT_BUNDLE_IDENTIFIER = yeonsu.Weathers;
				PRODUCT_NAME = "$(TARGET_NAME)";
				SWIFT_EMIT_LOC_STRINGS = YES;
				SWIFT_VERSION = 5.0;
				TARGETED_DEVICE_FAMILY = "1,2";
			};
			name = Debug;
		};
		2FA8AEE22B039C1900CE9004 /* Release */ = {
			isa = XCBuildConfiguration;
			buildSettings = {
				ASSETCATALOG_COMPILER_APPICON_NAME = AppIcon;
				ASSETCATALOG_COMPILER_GLOBAL_ACCENT_COLOR_NAME = AccentColor;
				CODE_SIGN_STYLE = Automatic;
				CURRENT_PROJECT_VERSION = 1;
				GENERATE_INFOPLIST_FILE = YES;
				INFOPLIST_FILE = Weathers/Info.plist;
				INFOPLIST_KEY_UIApplicationSupportsIndirectInputEvents = YES;
				INFOPLIST_KEY_UILaunchStoryboardName = LaunchScreen;
				INFOPLIST_KEY_UISupportedInterfaceOrientations_iPad = "UIInterfaceOrientationPortrait UIInterfaceOrientationPortraitUpsideDown UIInterfaceOrientationLandscapeLeft UIInterfaceOrientationLandscapeRight";
				INFOPLIST_KEY_UISupportedInterfaceOrientations_iPhone = "UIInterfaceOrientationPortrait UIInterfaceOrientationLandscapeLeft UIInterfaceOrientationLandscapeRight";
				LD_RUNPATH_SEARCH_PATHS = (
					"$(inherited)",
					"@executable_path/Frameworks",
				);
				MARKETING_VERSION = 1.0;
				PRODUCT_BUNDLE_IDENTIFIER = yeonsu.Weathers;
				PRODUCT_NAME = "$(TARGET_NAME)";
				SWIFT_EMIT_LOC_STRINGS = YES;
				SWIFT_VERSION = 5.0;
				TARGETED_DEVICE_FAMILY = "1,2";
			};
			name = Release;
		};
/* End XCBuildConfiguration section */

/* Begin XCConfigurationList section */
		2FA8AEC72B039C1600CE9004 /* Build configuration list for PBXProject "Weathers" */ = {
			isa = XCConfigurationList;
			buildConfigurations = (
				2FA8AEDE2B039C1900CE9004 /* Debug */,
				2FA8AEDF2B039C1900CE9004 /* Release */,
			);
			defaultConfigurationIsVisible = 0;
			defaultConfigurationName = Release;
		};
		2FA8AEE02B039C1900CE9004 /* Build configuration list for PBXNativeTarget "Weathers" */ = {
			isa = XCConfigurationList;
			buildConfigurations = (
				2FA8AEE12B039C1900CE9004 /* Debug */,
				2FA8AEE22B039C1900CE9004 /* Release */,
			);
			defaultConfigurationIsVisible = 0;
			defaultConfigurationName = Release;
		};
/* End XCConfigurationList section */

/* Begin XCRemoteSwiftPackageReference section */
		2FA8AF042B039F5300CE9004 /* XCRemoteSwiftPackageReference "Then" */ = {
			isa = XCRemoteSwiftPackageReference;
			repositoryURL = "https://github.com/devxoul/Then.git";
			requirement = {
				kind = upToNextMajorVersion;
				minimumVersion = 3.0.0;
			};
		};
		2FA8AF072B039F5C00CE9004 /* XCRemoteSwiftPackageReference "SnapKit" */ = {
			isa = XCRemoteSwiftPackageReference;
			repositoryURL = "https://github.com/SnapKit/SnapKit.git";
			requirement = {
				kind = upToNextMajorVersion;
				minimumVersion = 5.6.0;
			};
		};
/* End XCRemoteSwiftPackageReference section */

/* Begin XCSwiftPackageProductDependency section */
		2FA8AF052B039F5300CE9004 /* Then */ = {
			isa = XCSwiftPackageProductDependency;
			package = 2FA8AF042B039F5300CE9004 /* XCRemoteSwiftPackageReference "Then" */;
			productName = Then;
		};
		2FA8AF082B039F5C00CE9004 /* SnapKit */ = {
			isa = XCSwiftPackageProductDependency;
			package = 2FA8AF072B039F5C00CE9004 /* XCRemoteSwiftPackageReference "SnapKit" */;
			productName = SnapKit;
		};
		2FA8AF0A2B039F5C00CE9004 /* SnapKit-Dynamic */ = {
			isa = XCSwiftPackageProductDependency;
			package = 2FA8AF072B039F5C00CE9004 /* XCRemoteSwiftPackageReference "SnapKit" */;
			productName = "SnapKit-Dynamic";
		};
/* End XCSwiftPackageProductDependency section */
	};
	rootObject = 2FA8AEC42B039C1600CE9004 /* Project object */;
}
